// !$*UTF8*$!
{
	archiveVersion = 1;
	classes = {
	};
	objectVersion = 56;
	objects = {

/* Begin PBXBuildFile section */
		B52379AD2AF65FE600200FDF /* NinthLabApp.swift in Sources */ = {isa = PBXBuildFile; fileRef = B52379AC2AF65FE600200FDF /* NinthLabApp.swift */; };
		B52379AF2AF65FE600200FDF /* ContentView.swift in Sources */ = {isa = PBXBuildFile; fileRef = B52379AE2AF65FE600200FDF /* ContentView.swift */; };
		B52379B12AF65FE800200FDF /* Assets.xcassets in Resources */ = {isa = PBXBuildFile; fileRef = B52379B02AF65FE800200FDF /* Assets.xcassets */; };
		B52379B42AF65FE800200FDF /* Preview Assets.xcassets in Resources */ = {isa = PBXBuildFile; fileRef = B52379B32AF65FE800200FDF /* Preview Assets.xcassets */; };
		B52379BB2AF660E300200FDF /* CardMoneyView.swift in Sources */ = {isa = PBXBuildFile; fileRef = B52379BA2AF660E300200FDF /* CardMoneyView.swift */; };
		B52379BD2AF66CA600200FDF /* StructCurrency.swift in Sources */ = {isa = PBXBuildFile; fileRef = B52379BC2AF66CA600200FDF /* StructCurrency.swift */; };
		B52379C12AF6946800200FDF /* ConverterCurrencyView.swift in Sources */ = {isa = PBXBuildFile; fileRef = B52379C02AF6946800200FDF /* ConverterCurrencyView.swift */; };
/* End PBXBuildFile section */

/* Begin PBXFileReference section */
		B52379A92AF65FE600200FDF /* NinthLab.app */ = {isa = PBXFileReference; explicitFileType = wrapper.application; includeInIndex = 0; path = NinthLab.app; sourceTree = BUILT_PRODUCTS_DIR; };
		B52379AC2AF65FE600200FDF /* NinthLabApp.swift */ = {isa = PBXFileReference; lastKnownFileType = sourcecode.swift; path = NinthLabApp.swift; sourceTree = "<group>"; };
		B52379AE2AF65FE600200FDF /* ContentView.swift */ = {isa = PBXFileReference; lastKnownFileType = sourcecode.swift; path = ContentView.swift; sourceTree = "<group>"; };
		B52379B02AF65FE800200FDF /* Assets.xcassets */ = {isa = PBXFileReference; lastKnownFileType = folder.assetcatalog; path = Assets.xcassets; sourceTree = "<group>"; };
		B52379B32AF65FE800200FDF /* Preview Assets.xcassets */ = {isa = PBXFileReference; lastKnownFileType = folder.assetcatalog; path = "Preview Assets.xcassets"; sourceTree = "<group>"; };
		B52379BA2AF660E300200FDF /* CardMoneyView.swift */ = {isa = PBXFileReference; lastKnownFileType = sourcecode.swift; path = CardMoneyView.swift; sourceTree = "<group>"; };
		B52379BC2AF66CA600200FDF /* StructCurrency.swift */ = {isa = PBXFileReference; lastKnownFileType = sourcecode.swift; path = StructCurrency.swift; sourceTree = "<group>"; };
		B52379C02AF6946800200FDF /* ConverterCurrencyView.swift */ = {isa = PBXFileReference; lastKnownFileType = sourcecode.swift; path = ConverterCurrencyView.swift; sourceTree = "<group>"; };
/* End PBXFileReference section */

/* Begin PBXFrameworksBuildPhase section */
		B52379A62AF65FE600200FDF /* Frameworks */ = {
			isa = PBXFrameworksBuildPhase;
			buildActionMask = 2147483647;
			files = (
			);
			runOnlyForDeploymentPostprocessing = 0;
		};
/* End PBXFrameworksBuildPhase section */

/* Begin PBXGroup section */
		B52379A02AF65FE600200FDF = {
			isa = PBXGroup;
			children = (
				B52379AB2AF65FE600200FDF /* NinthLab */,
				B52379AA2AF65FE600200FDF /* Products */,
			);
			sourceTree = "<group>";
		};
		B52379AA2AF65FE600200FDF /* Products */ = {
			isa = PBXGroup;
			children = (
				B52379A92AF65FE600200FDF /* NinthLab.app */,
			);
			name = Products;
			sourceTree = "<group>";
		};
		B52379AB2AF65FE600200FDF /* NinthLab */ = {
			isa = PBXGroup;
			children = (
				B52379AC2AF65FE600200FDF /* NinthLabApp.swift */,
				B52379BF2AF66CB100200FDF /* View */,
				B52379BE2AF66CA900200FDF /* Component */,
				B52379B02AF65FE800200FDF /* Assets.xcassets */,
				B52379B22AF65FE800200FDF /* Preview Content */,
			);
			path = NinthLab;
			sourceTree = "<group>";
		};
		B52379B22AF65FE800200FDF /* Preview Content */ = {
			isa = PBXGroup;
			children = (
				B52379B32AF65FE800200FDF /* Preview Assets.xcassets */,
			);
			path = "Preview Content";
			sourceTree = "<group>";
		};
		B52379BE2AF66CA900200FDF /* Component */ = {
			isa = PBXGroup;
			children = (
				B52379BC2AF66CA600200FDF /* StructCurrency.swift */,
			);
			path = Component;
			sourceTree = "<group>";
		};
		B52379BF2AF66CB100200FDF /* View */ = {
			isa = PBXGroup;
			children = (
				B52379BA2AF660E300200FDF /* CardMoneyView.swift */,
				B52379AE2AF65FE600200FDF /* ContentView.swift */,
				B52379C02AF6946800200FDF /* ConverterCurrencyView.swift */,
			);
			path = View;
			sourceTree = "<group>";
		};
/* End PBXGroup section */

/* Begin PBXNativeTarget section */
		B52379A82AF65FE600200FDF /* NinthLab */ = {
			isa = PBXNativeTarget;
			buildConfigurationList = B52379B72AF65FE800200FDF /* Build configuration list for PBXNativeTarget "NinthLab" */;
			buildPhases = (
				B52379A52AF65FE600200FDF /* Sources */,
				B52379A62AF65FE600200FDF /* Frameworks */,
				B52379A72AF65FE600200FDF /* Resources */,
			);
			buildRules = (
			);
			dependencies = (
			);
			name = NinthLab;
			productName = NinthLab;
			productReference = B52379A92AF65FE600200FDF /* NinthLab.app */;
			productType = "com.apple.product-type.application";
		};
/* End PBXNativeTarget section */

/* Begin PBXProject section */
		B52379A12AF65FE600200FDF /* Project object */ = {
			isa = PBXProject;
			attributes = {
				BuildIndependentTargetsInParallel = 1;
				LastSwiftUpdateCheck = 1500;
				LastUpgradeCheck = 1500;
				TargetAttributes = {
					B52379A82AF65FE600200FDF = {
						CreatedOnToolsVersion = 15.0;
					};
				};
			};
			buildConfigurationList = B52379A42AF65FE600200FDF /* Build configuration list for PBXProject "NinthLab" */;
			compatibilityVersion = "Xcode 14.0";
			developmentRegion = en;
			hasScannedForEncodings = 0;
			knownRegions = (
				en,
				Base,
			);
			mainGroup = B52379A02AF65FE600200FDF;
			productRefGroup = B52379AA2AF65FE600200FDF /* Products */;
			projectDirPath = "";
			projectRoot = "";
			targets = (
				B52379A82AF65FE600200FDF /* NinthLab */,
			);
		};
/* End PBXProject section */

/* Begin PBXResourcesBuildPhase section */
		B52379A72AF65FE600200FDF /* Resources */ = {
			isa = PBXResourcesBuildPhase;
			buildActionMask = 2147483647;
			files = (
				B52379B42AF65FE800200FDF /* Preview Assets.xcassets in Resources */,
				B52379B12AF65FE800200FDF /* Assets.xcassets in Resources */,
			);
			runOnlyForDeploymentPostprocessing = 0;
		};
/* End PBXResourcesBuildPhase section */

/* Begin PBXSourcesBuildPhase section */
		B52379A52AF65FE600200FDF /* Sources */ = {
			isa = PBXSourcesBuildPhase;
			buildActionMask = 2147483647;
			files = (
				B52379C12AF6946800200FDF /* ConverterCurrencyView.swift in Sources */,
				B52379AF2AF65FE600200FDF /* ContentView.swift in Sources */,
				B52379AD2AF65FE600200FDF /* NinthLabApp.swift in Sources */,
				B52379BB2AF660E300200FDF /* CardMoneyView.swift in Sources */,
				B52379BD2AF66CA600200FDF /* StructCurrency.swift in Sources */,
			);
			runOnlyForDeploymentPostprocessing = 0;
		};
/* End PBXSourcesBuildPhase section */

/* Begin XCBuildConfiguration section */
		B52379B52AF65FE800200FDF /* Debug */ = {
			isa = XCBuildConfiguration;
			buildSettings = {
				ALWAYS_SEARCH_USER_PATHS = NO;
				ASSETCATALOG_COMPILER_GENERATE_SWIFT_ASSET_SYMBOL_EXTENSIONS = YES;
				CLANG_ANALYZER_NONNULL = YES;
				CLANG_ANALYZER_NUMBER_OBJECT_CONVERSION = YES_AGGRESSIVE;
				CLANG_CXX_LANGUAGE_STANDARD = "gnu++20";
				CLANG_ENABLE_MODULES = YES;
				CLANG_ENABLE_OBJC_ARC = YES;
				CLANG_ENABLE_OBJC_WEAK = YES;
				CLANG_WARN_BLOCK_CAPTURE_AUTORELEASING = YES;
				CLANG_WARN_BOOL_CONVERSION = YES;
				CLANG_WARN_COMMA = YES;
				CLANG_WARN_CONSTANT_CONVERSION = YES;
				CLANG_WARN_DEPRECATED_OBJC_IMPLEMENTATIONS = YES;
				CLANG_WARN_DIRECT_OBJC_ISA_USAGE = YES_ERROR;
				CLANG_WARN_DOCUMENTATION_COMMENTS = YES;
				CLANG_WARN_EMPTY_BODY = YES;
				CLANG_WARN_ENUM_CONVERSION = YES;
				CLANG_WARN_INFINITE_RECURSION = YES;
				CLANG_WARN_INT_CONVERSION = YES;
				CLANG_WARN_NON_LITERAL_NULL_CONVERSION = YES;
				CLANG_WARN_OBJC_IMPLICIT_RETAIN_SELF = YES;
				CLANG_WARN_OBJC_LITERAL_CONVERSION = YES;
				CLANG_WARN_OBJC_ROOT_CLASS = YES_ERROR;
				CLANG_WARN_QUOTED_INCLUDE_IN_FRAMEWORK_HEADER = YES;
				CLANG_WARN_RANGE_LOOP_ANALYSIS = YES;
				CLANG_WARN_STRICT_PROTOTYPES = YES;
				CLANG_WARN_SUSPICIOUS_MOVE = YES;
				CLANG_WARN_UNGUARDED_AVAILABILITY = YES_AGGRESSIVE;
				CLANG_WARN_UNREACHABLE_CODE = YES;
				CLANG_WARN__DUPLICATE_METHOD_MATCH = YES;
				COPY_PHASE_STRIP = NO;
				DEBUG_INFORMATION_FORMAT = dwarf;
				ENABLE_STRICT_OBJC_MSGSEND = YES;
				ENABLE_TESTABILITY = YES;
				ENABLE_USER_SCRIPT_SANDBOXING = YES;
				GCC_C_LANGUAGE_STANDARD = gnu17;
				GCC_DYNAMIC_NO_PIC = NO;
				GCC_NO_COMMON_BLOCKS = YES;
				GCC_OPTIMIZATION_LEVEL = 0;
				GCC_PREPROCESSOR_DEFINITIONS = (
					"DEBUG=1",
					"$(inherited)",
				);
				GCC_WARN_64_TO_32_BIT_CONVERSION = YES;
				GCC_WARN_ABOUT_RETURN_TYPE = YES_ERROR;
				GCC_WARN_UNDECLARED_SELECTOR = YES;
				GCC_WARN_UNINITIALIZED_AUTOS = YES_AGGRESSIVE;
				GCC_WARN_UNUSED_FUNCTION = YES;
				GCC_WARN_UNUSED_VARIABLE = YES;
				IPHONEOS_DEPLOYMENT_TARGET = 17.0;
				LOCALIZATION_PREFERS_STRING_CATALOGS = YES;
				MTL_ENABLE_DEBUG_INFO = INCLUDE_SOURCE;
				MTL_FAST_MATH = YES;
				ONLY_ACTIVE_ARCH = YES;
				SDKROOT = iphoneos;
				SWIFT_ACTIVE_COMPILATION_CONDITIONS = "DEBUG $(inherited)";
				SWIFT_OPTIMIZATION_LEVEL = "-Onone";
			};
			name = Debug;
		};
		B52379B62AF65FE800200FDF /* Release */ = {
			isa = XCBuildConfiguration;
			buildSettings = {
				ALWAYS_SEARCH_USER_PATHS = NO;
				ASSETCATALOG_COMPILER_GENERATE_SWIFT_ASSET_SYMBOL_EXTENSIONS = YES;
				CLANG_ANALYZER_NONNULL = YES;
				CLANG_ANALYZER_NUMBER_OBJECT_CONVERSION = YES_AGGRESSIVE;
				CLANG_CXX_LANGUAGE_STANDARD = "gnu++20";
				CLANG_ENABLE_MODULES = YES;
				CLANG_ENABLE_OBJC_ARC = YES;
				CLANG_ENABLE_OBJC_WEAK = YES;
				CLANG_WARN_BLOCK_CAPTURE_AUTORELEASING = YES;
				CLANG_WARN_BOOL_CONVERSION = YES;
				CLANG_WARN_COMMA = YES;
				CLANG_WARN_CONSTANT_CONVERSION = YES;
				CLANG_WARN_DEPRECATED_OBJC_IMPLEMENTATIONS = YES;
				CLANG_WARN_DIRECT_OBJC_ISA_USAGE = YES_ERROR;
				CLANG_WARN_DOCUMENTATION_COMMENTS = YES;
				CLANG_WARN_EMPTY_BODY = YES;
				CLANG_WARN_ENUM_CONVERSION = YES;
				CLANG_WARN_INFINITE_RECURSION = YES;
				CLANG_WARN_INT_CONVERSION = YES;
				CLANG_WARN_NON_LITERAL_NULL_CONVERSION = YES;
				CLANG_WARN_OBJC_IMPLICIT_RETAIN_SELF = YES;
				CLANG_WARN_OBJC_LITERAL_CONVERSION = YES;
				CLANG_WARN_OBJC_ROOT_CLASS = YES_ERROR;
				CLANG_WARN_QUOTED_INCLUDE_IN_FRAMEWORK_HEADER = YES;
				CLANG_WARN_RANGE_LOOP_ANALYSIS = YES;
				CLANG_WARN_STRICT_PROTOTYPES = YES;
				CLANG_WARN_SUSPICIOUS_MOVE = YES;
				CLANG_WARN_UNGUARDED_AVAILABILITY = YES_AGGRESSIVE;
				CLANG_WARN_UNREACHABLE_CODE = YES;
				CLANG_WARN__DUPLICATE_METHOD_MATCH = YES;
				COPY_PHASE_STRIP = NO;
				DEBUG_INFORMATION_FORMAT = "dwarf-with-dsym";
				ENABLE_NS_ASSERTIONS = NO;
				ENABLE_STRICT_OBJC_MSGSEND = YES;
				ENABLE_USER_SCRIPT_SANDBOXING = YES;
				GCC_C_LANGUAGE_STANDARD = gnu17;
				GCC_NO_COMMON_BLOCKS = YES;
				GCC_WARN_64_TO_32_BIT_CONVERSION = YES;
				GCC_WARN_ABOUT_RETURN_TYPE = YES_ERROR;
				GCC_WARN_UNDECLARED_SELECTOR = YES;
				GCC_WARN_UNINITIALIZED_AUTOS = YES_AGGRESSIVE;
				GCC_WARN_UNUSED_FUNCTION = YES;
				GCC_WARN_UNUSED_VARIABLE = YES;
				IPHONEOS_DEPLOYMENT_TARGET = 17.0;
				LOCALIZATION_PREFERS_STRING_CATALOGS = YES;
				MTL_ENABLE_DEBUG_INFO = NO;
				MTL_FAST_MATH = YES;
				SDKROOT = iphoneos;
				SWIFT_COMPILATION_MODE = wholemodule;
				VALIDATE_PRODUCT = YES;
			};
			name = Release;
		};
		B52379B82AF65FE800200FDF /* Debug */ = {
			isa = XCBuildConfiguration;
			buildSettings = {
				ASSETCATALOG_COMPILER_APPICON_NAME = AppIcon;
				ASSETCATALOG_COMPILER_GLOBAL_ACCENT_COLOR_NAME = AccentColor;
				CODE_SIGN_STYLE = Automatic;
				CURRENT_PROJECT_VERSION = 1;
				DEVELOPMENT_ASSET_PATHS = "\"NinthLab/Preview Content\"";
				DEVELOPMENT_TEAM = L4XDJUG5Z2;
				ENABLE_PREVIEWS = YES;
				GENERATE_INFOPLIST_FILE = YES;
				INFOPLIST_KEY_UIApplicationSceneManifest_Generation = YES;
				INFOPLIST_KEY_UIApplicationSupportsIndirectInputEvents = YES;
				INFOPLIST_KEY_UILaunchScreen_Generation = YES;
				INFOPLIST_KEY_UISupportedInterfaceOrientations_iPad = "UIInterfaceOrientationPortrait UIInterfaceOrientationPortraitUpsideDown UIInterfaceOrientationLandscapeLeft UIInterfaceOrientationLandscapeRight";
				INFOPLIST_KEY_UISupportedInterfaceOrientations_iPhone = "UIInterfaceOrientationPortrait UIInterfaceOrientationLandscapeLeft UIInterfaceOrientationLandscapeRight";
				LD_RUNPATH_SEARCH_PATHS = (
					"$(inherited)",
					"@executable_path/Frameworks",
				);
				MARKETING_VERSION = 1.0;
				PRODUCT_BUNDLE_IDENTIFIER = AndriiIzbash.NinthLab;
				PRODUCT_NAME = "$(TARGET_NAME)";
				SWIFT_EMIT_LOC_STRINGS = YES;
				SWIFT_VERSION = 5.0;
				TARGETED_DEVICE_FAMILY = "1,2";
			};
			name = Debug;
		};
		B52379B92AF65FE800200FDF /* Release */ = {
			isa = XCBuildConfiguration;
			buildSettings = {
				ASSETCATALOG_COMPILER_APPICON_NAME = AppIcon;
				ASSETCATALOG_COMPILER_GLOBAL_ACCENT_COLOR_NAME = AccentColor;
				CODE_SIGN_STYLE = Automatic;
				CURRENT_PROJECT_VERSION = 1;
				DEVELOPMENT_ASSET_PATHS = "\"NinthLab/Preview Content\"";
				DEVELOPMENT_TEAM = L4XDJUG5Z2;
				ENABLE_PREVIEWS = YES;
				GENERATE_INFOPLIST_FILE = YES;
				INFOPLIST_KEY_UIApplicationSceneManifest_Generation = YES;
				INFOPLIST_KEY_UIApplicationSupportsIndirectInputEvents = YES;
				INFOPLIST_KEY_UILaunchScreen_Generation = YES;
				INFOPLIST_KEY_UISupportedInterfaceOrientations_iPad = "UIInterfaceOrientationPortrait UIInterfaceOrientationPortraitUpsideDown UIInterfaceOrientationLandscapeLeft UIInterfaceOrientationLandscapeRight";
				INFOPLIST_KEY_UISupportedInterfaceOrientations_iPhone = "UIInterfaceOrientationPortrait UIInterfaceOrientationLandscapeLeft UIInterfaceOrientationLandscapeRight";
				LD_RUNPATH_SEARCH_PATHS = (
					"$(inherited)",
					"@executable_path/Frameworks",
				);
				MARKETING_VERSION = 1.0;
				PRODUCT_BUNDLE_IDENTIFIER = AndriiIzbash.NinthLab;
				PRODUCT_NAME = "$(TARGET_NAME)";
				SWIFT_EMIT_LOC_STRINGS = YES;
				SWIFT_VERSION = 5.0;
				TARGETED_DEVICE_FAMILY = "1,2";
			};
			name = Release;
		};
/* End XCBuildConfiguration section */

/* Begin XCConfigurationList section */
		B52379A42AF65FE600200FDF /* Build configuration list for PBXProject "NinthLab" */ = {
			isa = XCConfigurationList;
			buildConfigurations = (
				B52379B52AF65FE800200FDF /* Debug */,
				B52379B62AF65FE800200FDF /* Release */,
			);
			defaultConfigurationIsVisible = 0;
			defaultConfigurationName = Release;
		};
		B52379B72AF65FE800200FDF /* Build configuration list for PBXNativeTarget "NinthLab" */ = {
			isa = XCConfigurationList;
			buildConfigurations = (
				B52379B82AF65FE800200FDF /* Debug */,
				B52379B92AF65FE800200FDF /* Release */,
			);
			defaultConfigurationIsVisible = 0;
			defaultConfigurationName = Release;
		};
/* End XCConfigurationList section */
	};
	rootObject = B52379A12AF65FE600200FDF /* Project object */;
}
