// !$*UTF8*$!
{
	archiveVersion = 1;
	classes = {
	};
	objectVersion = 56;
	objects = {

/* Begin PBXBuildFile section */
		B5B4965C2ACDAAE70084C962 /* fifthLabApp.swift in Sources */ = {isa = PBXBuildFile; fileRef = B5B4965B2ACDAAE70084C962 /* fifthLabApp.swift */; };
		B5B4965E2ACDAAE70084C962 /* ContentView.swift in Sources */ = {isa = PBXBuildFile; fileRef = B5B4965D2ACDAAE70084C962 /* ContentView.swift */; };
		B5B496602ACDAAE80084C962 /* Assets.xcassets in Resources */ = {isa = PBXBuildFile; fileRef = B5B4965F2ACDAAE80084C962 /* Assets.xcassets */; };
		B5B496632ACDAAE80084C962 /* Preview Assets.xcassets in Resources */ = {isa = PBXBuildFile; fileRef = B5B496622ACDAAE80084C962 /* Preview Assets.xcassets */; };
		B5B4966A2ACDAC0E0084C962 /* PhotoView.swift in Sources */ = {isa = PBXBuildFile; fileRef = B5B496692ACDAC0E0084C962 /* PhotoView.swift */; };
		B5B4966D2ACDB29A0084C962 /* ImagePicker.swift in Sources */ = {isa = PBXBuildFile; fileRef = B5B4966C2ACDB29A0084C962 /* ImagePicker.swift */; };
		B5B496702ACDB5BB0084C962 /* URLView.swift in Sources */ = {isa = PBXBuildFile; fileRef = B5B4966F2ACDB5BB0084C962 /* URLView.swift */; };
		B5B496722ACDC1F10084C962 /* PhoneView.swift in Sources */ = {isa = PBXBuildFile; fileRef = B5B496712ACDC1F10084C962 /* PhoneView.swift */; };
/* End PBXBuildFile section */

/* Begin PBXFileReference section */
		B5B496582ACDAAE70084C962 /* fifthLab.app */ = {isa = PBXFileReference; explicitFileType = wrapper.application; includeInIndex = 0; path = fifthLab.app; sourceTree = BUILT_PRODUCTS_DIR; };
		B5B4965B2ACDAAE70084C962 /* fifthLabApp.swift */ = {isa = PBXFileReference; lastKnownFileType = sourcecode.swift; path = fifthLabApp.swift; sourceTree = "<group>"; };
		B5B4965D2ACDAAE70084C962 /* ContentView.swift */ = {isa = PBXFileReference; lastKnownFileType = sourcecode.swift; path = ContentView.swift; sourceTree = "<group>"; };
		B5B4965F2ACDAAE80084C962 /* Assets.xcassets */ = {isa = PBXFileReference; lastKnownFileType = folder.assetcatalog; path = Assets.xcassets; sourceTree = "<group>"; };
		B5B496622ACDAAE80084C962 /* Preview Assets.xcassets */ = {isa = PBXFileReference; lastKnownFileType = folder.assetcatalog; path = "Preview Assets.xcassets"; sourceTree = "<group>"; };
		B5B496692ACDAC0E0084C962 /* PhotoView.swift */ = {isa = PBXFileReference; lastKnownFileType = sourcecode.swift; path = PhotoView.swift; sourceTree = "<group>"; };
		B5B4966C2ACDB29A0084C962 /* ImagePicker.swift */ = {isa = PBXFileReference; lastKnownFileType = sourcecode.swift; path = ImagePicker.swift; sourceTree = "<group>"; };
		B5B4966F2ACDB5BB0084C962 /* URLView.swift */ = {isa = PBXFileReference; lastKnownFileType = sourcecode.swift; path = URLView.swift; sourceTree = "<group>"; };
		B5B496712ACDC1F10084C962 /* PhoneView.swift */ = {isa = PBXFileReference; lastKnownFileType = sourcecode.swift; path = PhoneView.swift; sourceTree = "<group>"; };
/* End PBXFileReference section */

/* Begin PBXFrameworksBuildPhase section */
		B5B496552ACDAAE70084C962 /* Frameworks */ = {
			isa = PBXFrameworksBuildPhase;
			buildActionMask = 2147483647;
			files = (
			);
			runOnlyForDeploymentPostprocessing = 0;
		};
/* End PBXFrameworksBuildPhase section */

/* Begin PBXGroup section */
		B5B4964F2ACDAAE70084C962 = {
			isa = PBXGroup;
			children = (
				B5B4965A2ACDAAE70084C962 /* fifthLab */,
				B5B496592ACDAAE70084C962 /* Products */,
			);
			sourceTree = "<group>";
		};
		B5B496592ACDAAE70084C962 /* Products */ = {
			isa = PBXGroup;
			children = (
				B5B496582ACDAAE70084C962 /* fifthLab.app */,
			);
			name = Products;
			sourceTree = "<group>";
		};
		B5B4965A2ACDAAE70084C962 /* fifthLab */ = {
			isa = PBXGroup;
			children = (
				B5B4965B2ACDAAE70084C962 /* fifthLabApp.swift */,
				B5B4966E2ACDB2A50084C962 /* Picker */,
				B5B4966B2ACDAC130084C962 /* View */,
				B5B4965F2ACDAAE80084C962 /* Assets.xcassets */,
				B5B496612ACDAAE80084C962 /* Preview Content */,
			);
			path = fifthLab;
			sourceTree = "<group>";
		};
		B5B496612ACDAAE80084C962 /* Preview Content */ = {
			isa = PBXGroup;
			children = (
				B5B496622ACDAAE80084C962 /* Preview Assets.xcassets */,
			);
			path = "Preview Content";
			sourceTree = "<group>";
		};
		B5B4966B2ACDAC130084C962 /* View */ = {
			isa = PBXGroup;
			children = (
				B5B4965D2ACDAAE70084C962 /* ContentView.swift */,
				B5B4966F2ACDB5BB0084C962 /* URLView.swift */,
				B5B496712ACDC1F10084C962 /* PhoneView.swift */,
				B5B496692ACDAC0E0084C962 /* PhotoView.swift */,
			);
			path = View;
			sourceTree = "<group>";
		};
		B5B4966E2ACDB2A50084C962 /* Picker */ = {
			isa = PBXGroup;
			children = (
				B5B4966C2ACDB29A0084C962 /* ImagePicker.swift */,
			);
			path = Picker;
			sourceTree = "<group>";
		};
/* End PBXGroup section */

/* Begin PBXNativeTarget section */
		B5B496572ACDAAE70084C962 /* fifthLab */ = {
			isa = PBXNativeTarget;
			buildConfigurationList = B5B496662ACDAAE80084C962 /* Build configuration list for PBXNativeTarget "fifthLab" */;
			buildPhases = (
				B5B496542ACDAAE70084C962 /* Sources */,
				B5B496552ACDAAE70084C962 /* Frameworks */,
				B5B496562ACDAAE70084C962 /* Resources */,
			);
			buildRules = (
			);
			dependencies = (
			);
			name = fifthLab;
			productName = fifthLab;
			productReference = B5B496582ACDAAE70084C962 /* fifthLab.app */;
			productType = "com.apple.product-type.application";
		};
/* End PBXNativeTarget section */

/* Begin PBXProject section */
		B5B496502ACDAAE70084C962 /* Project object */ = {
			isa = PBXProject;
			attributes = {
				BuildIndependentTargetsInParallel = 1;
				LastSwiftUpdateCheck = 1500;
				LastUpgradeCheck = 1500;
				TargetAttributes = {
					B5B496572ACDAAE70084C962 = {
						CreatedOnToolsVersion = 15.0;
					};
				};
			};
			buildConfigurationList = B5B496532ACDAAE70084C962 /* Build configuration list for PBXProject "fifthLab" */;
			compatibilityVersion = "Xcode 14.0";
			developmentRegion = en;
			hasScannedForEncodings = 0;
			knownRegions = (
				en,
				Base,
			);
			mainGroup = B5B4964F2ACDAAE70084C962;
			productRefGroup = B5B496592ACDAAE70084C962 /* Products */;
			projectDirPath = "";
			projectRoot = "";
			targets = (
				B5B496572ACDAAE70084C962 /* fifthLab */,
			);
		};
/* End PBXProject section */

/* Begin PBXResourcesBuildPhase section */
		B5B496562ACDAAE70084C962 /* Resources */ = {
			isa = PBXResourcesBuildPhase;
			buildActionMask = 2147483647;
			files = (
				B5B496632ACDAAE80084C962 /* Preview Assets.xcassets in Resources */,
				B5B496602ACDAAE80084C962 /* Assets.xcassets in Resources */,
			);
			runOnlyForDeploymentPostprocessing = 0;
		};
/* End PBXResourcesBuildPhase section */

/* Begin PBXSourcesBuildPhase section */
		B5B496542ACDAAE70084C962 /* Sources */ = {
			isa = PBXSourcesBuildPhase;
			buildActionMask = 2147483647;
			files = (
				B5B4966A2ACDAC0E0084C962 /* PhotoView.swift in Sources */,
				B5B496722ACDC1F10084C962 /* PhoneView.swift in Sources */,
				B5B4966D2ACDB29A0084C962 /* ImagePicker.swift in Sources */,
				B5B4965E2ACDAAE70084C962 /* ContentView.swift in Sources */,
				B5B496702ACDB5BB0084C962 /* URLView.swift in Sources */,
				B5B4965C2ACDAAE70084C962 /* fifthLabApp.swift in Sources */,
			);
			runOnlyForDeploymentPostprocessing = 0;
		};
/* End PBXSourcesBuildPhase section */

/* Begin XCBuildConfiguration section */
		B5B496642ACDAAE80084C962 /* Debug */ = {
			isa = XCBuildConfiguration;
			buildSettings = {
				ALWAYS_SEARCH_USER_PATHS = NO;
				ASSETCATALOG_COMPILER_GENERATE_SWIFT_ASSET_SYMBOL_EXTENSIONS = YES;
				CLANG_ANALYZER_NONNULL = YES;
				CLANG_ANALYZER_NUMBER_OBJECT_CONVERSION = YES_AGGRESSIVE;
				CLANG_CXX_LANGUAGE_STANDARD = "gnu++20";
				CLANG_ENABLE_MODULES = YES;
				CLANG_ENABLE_OBJC_ARC = YES;
				CLANG_ENABLE_OBJC_WEAK = YES;
				CLANG_WARN_BLOCK_CAPTURE_AUTORELEASING = YES;
				CLANG_WARN_BOOL_CONVERSION = YES;
				CLANG_WARN_COMMA = YES;
				CLANG_WARN_CONSTANT_CONVERSION = YES;
				CLANG_WARN_DEPRECATED_OBJC_IMPLEMENTATIONS = YES;
				CLANG_WARN_DIRECT_OBJC_ISA_USAGE = YES_ERROR;
				CLANG_WARN_DOCUMENTATION_COMMENTS = YES;
				CLANG_WARN_EMPTY_BODY = YES;
				CLANG_WARN_ENUM_CONVERSION = YES;
				CLANG_WARN_INFINITE_RECURSION = YES;
				CLANG_WARN_INT_CONVERSION = YES;
				CLANG_WARN_NON_LITERAL_NULL_CONVERSION = YES;
				CLANG_WARN_OBJC_IMPLICIT_RETAIN_SELF = YES;
				CLANG_WARN_OBJC_LITERAL_CONVERSION = YES;
				CLANG_WARN_OBJC_ROOT_CLASS = YES_ERROR;
				CLANG_WARN_QUOTED_INCLUDE_IN_FRAMEWORK_HEADER = YES;
				CLANG_WARN_RANGE_LOOP_ANALYSIS = YES;
				CLANG_WARN_STRICT_PROTOTYPES = YES;
				CLANG_WARN_SUSPICIOUS_MOVE = YES;
				CLANG_WARN_UNGUARDED_AVAILABILITY = YES_AGGRESSIVE;
				CLANG_WARN_UNREACHABLE_CODE = YES;
				CLANG_WARN__DUPLICATE_METHOD_MATCH = YES;
				COPY_PHASE_STRIP = NO;
				DEBUG_INFORMATION_FORMAT = dwarf;
				ENABLE_STRICT_OBJC_MSGSEND = YES;
				ENABLE_TESTABILITY = YES;
				ENABLE_USER_SCRIPT_SANDBOXING = YES;
				GCC_C_LANGUAGE_STANDARD = gnu17;
				GCC_DYNAMIC_NO_PIC = NO;
				GCC_NO_COMMON_BLOCKS = YES;
				GCC_OPTIMIZATION_LEVEL = 0;
				GCC_PREPROCESSOR_DEFINITIONS = (
					"DEBUG=1",
					"$(inherited)",
				);
				GCC_WARN_64_TO_32_BIT_CONVERSION = YES;
				GCC_WARN_ABOUT_RETURN_TYPE = YES_ERROR;
				GCC_WARN_UNDECLARED_SELECTOR = YES;
				GCC_WARN_UNINITIALIZED_AUTOS = YES_AGGRESSIVE;
				GCC_WARN_UNUSED_FUNCTION = YES;
				GCC_WARN_UNUSED_VARIABLE = YES;
				IPHONEOS_DEPLOYMENT_TARGET = 17.0;
				LOCALIZATION_PREFERS_STRING_CATALOGS = YES;
				MTL_ENABLE_DEBUG_INFO = INCLUDE_SOURCE;
				MTL_FAST_MATH = YES;
				ONLY_ACTIVE_ARCH = YES;
				SDKROOT = iphoneos;
				SWIFT_ACTIVE_COMPILATION_CONDITIONS = "DEBUG $(inherited)";
				SWIFT_OPTIMIZATION_LEVEL = "-Onone";
			};
			name = Debug;
		};
		B5B496652ACDAAE80084C962 /* Release */ = {
			isa = XCBuildConfiguration;
			buildSettings = {
				ALWAYS_SEARCH_USER_PATHS = NO;
				ASSETCATALOG_COMPILER_GENERATE_SWIFT_ASSET_SYMBOL_EXTENSIONS = YES;
				CLANG_ANALYZER_NONNULL = YES;
				CLANG_ANALYZER_NUMBER_OBJECT_CONVERSION = YES_AGGRESSIVE;
				CLANG_CXX_LANGUAGE_STANDARD = "gnu++20";
				CLANG_ENABLE_MODULES = YES;
				CLANG_ENABLE_OBJC_ARC = YES;
				CLANG_ENABLE_OBJC_WEAK = YES;
				CLANG_WARN_BLOCK_CAPTURE_AUTORELEASING = YES;
				CLANG_WARN_BOOL_CONVERSION = YES;
				CLANG_WARN_COMMA = YES;
				CLANG_WARN_CONSTANT_CONVERSION = YES;
				CLANG_WARN_DEPRECATED_OBJC_IMPLEMENTATIONS = YES;
				CLANG_WARN_DIRECT_OBJC_ISA_USAGE = YES_ERROR;
				CLANG_WARN_DOCUMENTATION_COMMENTS = YES;
				CLANG_WARN_EMPTY_BODY = YES;
				CLANG_WARN_ENUM_CONVERSION = YES;
				CLANG_WARN_INFINITE_RECURSION = YES;
				CLANG_WARN_INT_CONVERSION = YES;
				CLANG_WARN_NON_LITERAL_NULL_CONVERSION = YES;
				CLANG_WARN_OBJC_IMPLICIT_RETAIN_SELF = YES;
				CLANG_WARN_OBJC_LITERAL_CONVERSION = YES;
				CLANG_WARN_OBJC_ROOT_CLASS = YES_ERROR;
				CLANG_WARN_QUOTED_INCLUDE_IN_FRAMEWORK_HEADER = YES;
				CLANG_WARN_RANGE_LOOP_ANALYSIS = YES;
				CLANG_WARN_STRICT_PROTOTYPES = YES;
				CLANG_WARN_SUSPICIOUS_MOVE = YES;
				CLANG_WARN_UNGUARDED_AVAILABILITY = YES_AGGRESSIVE;
				CLANG_WARN_UNREACHABLE_CODE = YES;
				CLANG_WARN__DUPLICATE_METHOD_MATCH = YES;
				COPY_PHASE_STRIP = NO;
				DEBUG_INFORMATION_FORMAT = "dwarf-with-dsym";
				ENABLE_NS_ASSERTIONS = NO;
				ENABLE_STRICT_OBJC_MSGSEND = YES;
				ENABLE_USER_SCRIPT_SANDBOXING = YES;
				GCC_C_LANGUAGE_STANDARD = gnu17;
				GCC_NO_COMMON_BLOCKS = YES;
				GCC_WARN_64_TO_32_BIT_CONVERSION = YES;
				GCC_WARN_ABOUT_RETURN_TYPE = YES_ERROR;
				GCC_WARN_UNDECLARED_SELECTOR = YES;
				GCC_WARN_UNINITIALIZED_AUTOS = YES_AGGRESSIVE;
				GCC_WARN_UNUSED_FUNCTION = YES;
				GCC_WARN_UNUSED_VARIABLE = YES;
				IPHONEOS_DEPLOYMENT_TARGET = 17.0;
				LOCALIZATION_PREFERS_STRING_CATALOGS = YES;
				MTL_ENABLE_DEBUG_INFO = NO;
				MTL_FAST_MATH = YES;
				SDKROOT = iphoneos;
				SWIFT_COMPILATION_MODE = wholemodule;
				VALIDATE_PRODUCT = YES;
			};
			name = Release;
		};
		B5B496672ACDAAE80084C962 /* Debug */ = {
			isa = XCBuildConfiguration;
			buildSettings = {
				ASSETCATALOG_COMPILER_APPICON_NAME = AppIcon;
				ASSETCATALOG_COMPILER_GLOBAL_ACCENT_COLOR_NAME = AccentColor;
				CODE_SIGN_STYLE = Automatic;
				CURRENT_PROJECT_VERSION = 1;
				DEVELOPMENT_ASSET_PATHS = "\"fifthLab/Preview Content\"";
				ENABLE_PREVIEWS = YES;
				GENERATE_INFOPLIST_FILE = YES;
				INFOPLIST_KEY_UIApplicationSceneManifest_Generation = YES;
				INFOPLIST_KEY_UIApplicationSupportsIndirectInputEvents = YES;
				INFOPLIST_KEY_UILaunchScreen_Generation = YES;
				INFOPLIST_KEY_UISupportedInterfaceOrientations_iPad = "UIInterfaceOrientationPortrait UIInterfaceOrientationPortraitUpsideDown UIInterfaceOrientationLandscapeLeft UIInterfaceOrientationLandscapeRight";
				INFOPLIST_KEY_UISupportedInterfaceOrientations_iPhone = "UIInterfaceOrientationPortrait UIInterfaceOrientationLandscapeLeft UIInterfaceOrientationLandscapeRight";
				LD_RUNPATH_SEARCH_PATHS = (
					"$(inherited)",
					"@executable_path/Frameworks",
				);
				MARKETING_VERSION = 1.0;
				PRODUCT_BUNDLE_IDENTIFIER = AndriiIzbash.fifthLab;
				PRODUCT_NAME = "$(TARGET_NAME)";
				SWIFT_EMIT_LOC_STRINGS = YES;
				SWIFT_VERSION = 5.0;
				TARGETED_DEVICE_FAMILY = "1,2";
			};
			name = Debug;
		};
		B5B496682ACDAAE80084C962 /* Release */ = {
			isa = XCBuildConfiguration;
			buildSettings = {
				ASSETCATALOG_COMPILER_APPICON_NAME = AppIcon;
				ASSETCATALOG_COMPILER_GLOBAL_ACCENT_COLOR_NAME = AccentColor;
				CODE_SIGN_STYLE = Automatic;
				CURRENT_PROJECT_VERSION = 1;
				DEVELOPMENT_ASSET_PATHS = "\"fifthLab/Preview Content\"";
				ENABLE_PREVIEWS = YES;
				GENERATE_INFOPLIST_FILE = YES;
				INFOPLIST_KEY_UIApplicationSceneManifest_Generation = YES;
				INFOPLIST_KEY_UIApplicationSupportsIndirectInputEvents = YES;
				INFOPLIST_KEY_UILaunchScreen_Generation = YES;
				INFOPLIST_KEY_UISupportedInterfaceOrientations_iPad = "UIInterfaceOrientationPortrait UIInterfaceOrientationPortraitUpsideDown UIInterfaceOrientationLandscapeLeft UIInterfaceOrientationLandscapeRight";
				INFOPLIST_KEY_UISupportedInterfaceOrientations_iPhone = "UIInterfaceOrientationPortrait UIInterfaceOrientationLandscapeLeft UIInterfaceOrientationLandscapeRight";
				LD_RUNPATH_SEARCH_PATHS = (
					"$(inherited)",
					"@executable_path/Frameworks",
				);
				MARKETING_VERSION = 1.0;
				PRODUCT_BUNDLE_IDENTIFIER = AndriiIzbash.fifthLab;
				PRODUCT_NAME = "$(TARGET_NAME)";
				SWIFT_EMIT_LOC_STRINGS = YES;
				SWIFT_VERSION = 5.0;
				TARGETED_DEVICE_FAMILY = "1,2";
			};
			name = Release;
		};
/* End XCBuildConfiguration section */

/* Begin XCConfigurationList section */
		B5B496532ACDAAE70084C962 /* Build configuration list for PBXProject "fifthLab" */ = {
			isa = XCConfigurationList;
			buildConfigurations = (
				B5B496642ACDAAE80084C962 /* Debug */,
				B5B496652ACDAAE80084C962 /* Release */,
			);
			defaultConfigurationIsVisible = 0;
			defaultConfigurationName = Release;
		};
		B5B496662ACDAAE80084C962 /* Build configuration list for PBXNativeTarget "fifthLab" */ = {
			isa = XCConfigurationList;
			buildConfigurations = (
				B5B496672ACDAAE80084C962 /* Debug */,
				B5B496682ACDAAE80084C962 /* Release */,
			);
			defaultConfigurationIsVisible = 0;
			defaultConfigurationName = Release;
		};
/* End XCConfigurationList section */
	};
	rootObject = B5B496502ACDAAE70084C962 /* Project object */;
}
